PODS:
  - SwiftGen (6.6.3)
  - SwiftLint (0.59.1)

DEPENDENCIES:
  - SwiftGen (~> 6.0)
  - SwiftLint

SPEC REPOS:
  trunk:
    - SwiftGen
    - SwiftLint

SPEC CHECKSUMS:
  SwiftGen: 4993cbf71cbc4886f775e26f8d5c3a1188ec9f99
  SwiftLint: 3d48e2fb2a3468fdaccf049e5e755df22fb40c2c

PODFILE CHECKSUM: f2e7f71ba08abdc2f52e0c33783156a1287407c7

COCOAPODS: 1.16.2
