PODS:
  - SnapKit (5.7.1)
  - SwiftGen (6.6.3)
  - SwiftLint (0.59.1)

DEPENDENCIES:
  - SnapKit
  - SwiftGen (~> 6.0)
  - SwiftLint

SPEC REPOS:
  trunk:
    - SnapKit
    - SwiftGen
    - SwiftLint

SPEC CHECKSUMS:
  SnapKit: d612e99e678a2d3b95bf60b0705ed0a35c03484a
  SwiftGen: 4993cbf71cbc4886f775e26f8d5c3a1188ec9f99
  SwiftLint: 3d48e2fb2a3468fdaccf049e5e755df22fb40c2c

PODFILE CHECKSUM: 20b278190d030ca6a2a61c5a5ec34a2a4aa3a32d

COCOAPODS: 1.16.2
